{
  "name": "anyswap-token",
  "version": "1.0.0",
  "lockfileVersion": 1,
  "requires": true,
  "dependencies": {
    "@openzeppelin/contracts": {
      "version": "2.5.0",
      "resolved": "https://registry.npm.taobao.org/@openzeppelin/contracts/download/@openzeppelin/contracts-2.5.0.tgz",
      "integrity": "sha1-4yepi6HSa3dW/2KIWgqglno3VEk="
    }
  }
}
